
Microsoft Visual Studio Solution File, Format Version 12.00
# Visual Studio Version 16
VisualStudioVersion = 16.0.30104.148
MinimumVisualStudioVersion = 10.0.40219.1
Project("{FAE04EC0-301F-11D3-BF4B-00C04F79EFBC}") = "App8", "App8\App8.csproj", "{B662B9D6-DD62-4D04-BD05-D6B092089827}"
EndProject
Global
	GlobalSection(SolutionConfigurationPlatforms) = preSolution
		Debug|Any CPU = Debug|Any CPU
		Release|Any CPU = Release|Any CPU
	EndGlobalSection
	GlobalSection(ProjectConfigurationPlatforms) = postSolution
		{B662B9D6-DD62-4D04-BD05-D6B092089827}.Debug|Any CPU.ActiveCfg = Debug|Any CPU
		{B662B9D6-DD62-4D04-BD05-D6B092089827}.Debug|Any CPU.Build.0 = Debug|Any CPU
		{B662B9D6-DD62-4D04-BD05-D6B092089827}.Debug|Any CPU.Deploy.0 = Debug|Any CPU
		{B662B9D6-DD62-4D04-BD05-D6B092089827}.Release|Any CPU.ActiveCfg = Release|Any CPU
		{B662B9D6-DD62-4D04-BD05-D6B092089827}.Release|Any CPU.Build.0 = Release|Any CPU
		{B662B9D6-DD62-4D04-BD05-D6B092089827}.Release|Any CPU.Deploy.0 = Release|Any CPU
	EndGlobalSection
	GlobalSection(SolutionProperties) = preSolution
		HideSolutionNode = FALSE
	EndGlobalSection
	GlobalSection(ExtensibilityGlobals) = postSolution
		SolutionGuid = {FA60CF3B-EC19-4B82-8D38-1D514FEEC043}
	EndGlobalSection
EndGlobal
